
Microsoft Visual Studio Solution File, Format Version 12.00
# Visual Studio 2013
VisualStudioVersion = 12.0.31101.0
MinimumVisualStudioVersion = 10.0.40219.1
Project("{FAE04EC0-301F-11D3-BF4B-00C04F79EFBC}") = "SampleRavenRepository", "testbed-class-lib\SampleRavenRepository.csproj", "{BCEA2556-3D5B-49DB-8F78-6A4087B34173}"
EndProject
Project("{FAE04EC0-301F-11D3-BF4B-00C04F79EFBC}") = "SampleRavenRepositoryConsumer", "Nomnomnom\SampleRavenRepositoryConsumer.csproj", "{F9C36A1C-2FC7-442B-BA75-52D3DFD2E0A8}"
EndProject
Project("{FAE04EC0-301F-11D3-BF4B-00C04F79EFBC}") = "SampleRScriptManifestThing", "SampleRScriptManifestThing\SampleRScriptManifestThing.csproj", "{D6457926-C914-46D8-84DA-B8B9A0AAD413}"
EndProject
Global
	GlobalSection(SolutionConfigurationPlatforms) = preSolution
		Debug|Any CPU = Debug|Any CPU
		Release|Any CPU = Release|Any CPU
	EndGlobalSection
	GlobalSection(ProjectConfigurationPlatforms) = postSolution
		{BCEA2556-3D5B-49DB-8F78-6A4087B34173}.Debug|Any CPU.ActiveCfg = Debug|Any CPU
		{BCEA2556-3D5B-49DB-8F78-6A4087B34173}.Debug|Any CPU.Build.0 = Debug|Any CPU
		{BCEA2556-3D5B-49DB-8F78-6A4087B34173}.Release|Any CPU.ActiveCfg = Release|Any CPU
		{BCEA2556-3D5B-49DB-8F78-6A4087B34173}.Release|Any CPU.Build.0 = Release|Any CPU
		{F9C36A1C-2FC7-442B-BA75-52D3DFD2E0A8}.Debug|Any CPU.ActiveCfg = Debug|Any CPU
		{F9C36A1C-2FC7-442B-BA75-52D3DFD2E0A8}.Debug|Any CPU.Build.0 = Debug|Any CPU
		{F9C36A1C-2FC7-442B-BA75-52D3DFD2E0A8}.Release|Any CPU.ActiveCfg = Release|Any CPU
		{F9C36A1C-2FC7-442B-BA75-52D3DFD2E0A8}.Release|Any CPU.Build.0 = Release|Any CPU
		{D6457926-C914-46D8-84DA-B8B9A0AAD413}.Debug|Any CPU.ActiveCfg = Debug|Any CPU
		{D6457926-C914-46D8-84DA-B8B9A0AAD413}.Debug|Any CPU.Build.0 = Debug|Any CPU
		{D6457926-C914-46D8-84DA-B8B9A0AAD413}.Release|Any CPU.ActiveCfg = Release|Any CPU
		{D6457926-C914-46D8-84DA-B8B9A0AAD413}.Release|Any CPU.Build.0 = Release|Any CPU
	EndGlobalSection
	GlobalSection(SolutionProperties) = preSolution
		HideSolutionNode = FALSE
	EndGlobalSection
EndGlobal
